PODS:
  - appcenter (2.6.1):
    - AppCenterReactNativeShared
    - React
  - appcenter-analytics (2.6.1):
    - AppCenter/Analytics
    - AppCenterReactNativeShared
    - React
  - appcenter-crashes (2.6.1):
    - AppCenter/Crashes
    - AppCenterReactNativeShared
    - React
  - AppCenter/Analytics (2.5.3):
    - AppCenter/Core
  - AppCenter/Core (2.5.3)
  - AppCenter/Crashes (2.5.3):
    - AppCenter/Core
  - AppCenterReactNativeShared (2.6.1):
    - AppCenter/Core (= 2.5.3)
  - Base64 (1.1.2)
  - boost-for-react-native (1.63.0)
  - BugsnagReactNative (2.10.3):
    - BugsnagReactNative/Core (= 2.10.3)
    - React
  - BugsnagReactNative/Core (2.10.3):
    - React
  - BVLinearGradient (2.5.6):
    - React
  - CodePush (6.0.0):
    - Base64 (~> 1.1)
    - JWT (~> 3.0.0-beta.7)
    - React
    - SSZipArchive (~> 2.1)
  - DoubleConversion (1.1.6)
  - FBLazyVector (0.61.5)
  - FBReactNativeSpec (0.61.5):
    - Folly (= 2018.10.22.00)
    - RCTRequired (= 0.61.5)
    - RCTTypeSafety (= 0.61.5)
    - React-Core (= 0.61.5)
    - React-jsi (= 0.61.5)
    - ReactCommon/turbomodule/core (= 0.61.5)
  - Firebase/Core (6.8.1):
    - Firebase/CoreOnly
    - FirebaseAnalytics (= 6.1.1)
  - Firebase/CoreOnly (6.8.1):
    - FirebaseCore (= 6.2.3)
  - Firebase/Messaging (6.8.1):
    - Firebase/CoreOnly
    - FirebaseMessaging (~> 4.1.4)
  - FirebaseAnalytics (6.1.1):
    - FirebaseCore (~> 6.2)
    - FirebaseInstanceID (~> 4.2)
    - GoogleAppMeasurement (= 6.1.1)
    - GoogleUtilities/AppDelegateSwizzler (~> 6.0)
    - GoogleUtilities/MethodSwizzler (~> 6.0)
    - GoogleUtilities/Network (~> 6.0)
    - "GoogleUtilities/NSData+zlib (~> 6.0)"
    - nanopb (~> 0.3)
  - FirebaseAnalyticsInterop (1.4.0)
  - FirebaseCore (6.2.3):
    - FirebaseCoreDiagnostics (~> 1.0)
    - FirebaseCoreDiagnosticsInterop (~> 1.0)
    - GoogleUtilities/Environment (~> 6.2)
    - GoogleUtilities/Logger (~> 6.2)
  - FirebaseCoreDiagnostics (1.1.2):
    - FirebaseCoreDiagnosticsInterop (~> 1.0)
    - GoogleDataTransportCCTSupport (~> 1.0)
    - GoogleUtilities/Environment (~> 6.2)
    - GoogleUtilities/Logger (~> 6.2)
    - nanopb (~> 0.3.901)
  - FirebaseCoreDiagnosticsInterop (1.1.0)
  - FirebaseInstanceID (4.2.7):
    - FirebaseCore (~> 6.0)
    - GoogleUtilities/Environment (~> 6.0)
    - GoogleUtilities/UserDefaults (~> 6.0)
  - FirebaseMessaging (4.1.10):
    - FirebaseAnalyticsInterop (~> 1.3)
    - FirebaseCore (~> 6.2)
    - FirebaseInstanceID (~> 4.1)
    - GoogleUtilities/AppDelegateSwizzler (~> 6.2)
    - GoogleUtilities/Environment (~> 6.2)
    - GoogleUtilities/Reachability (~> 6.2)
    - GoogleUtilities/UserDefaults (~> 6.2)
    - Protobuf (>= 3.9.2, ~> 3.9)
  - Folly (2018.10.22.00):
    - boost-for-react-native
    - DoubleConversion
    - Folly/Default (= 2018.10.22.00)
    - glog
  - Folly/Default (2018.10.22.00):
    - boost-for-react-native
    - DoubleConversion
    - glog
  - glog (0.3.5)
  - GoogleAppMeasurement (6.1.1):
    - GoogleUtilities/AppDelegateSwizzler (~> 6.0)
    - GoogleUtilities/MethodSwizzler (~> 6.0)
    - GoogleUtilities/Network (~> 6.0)
    - "GoogleUtilities/NSData+zlib (~> 6.0)"
    - nanopb (~> 0.3)
  - GoogleDataTransport (3.2.0)
  - GoogleDataTransportCCTSupport (1.2.3):
    - GoogleDataTransport (~> 3.2)
    - nanopb (~> 0.3.901)
  - GoogleUtilities/AppDelegateSwizzler (6.4.0):
    - GoogleUtilities/Environment
    - GoogleUtilities/Logger
    - GoogleUtilities/Network
  - GoogleUtilities/Environment (6.4.0)
  - GoogleUtilities/Logger (6.4.0):
    - GoogleUtilities/Environment
  - GoogleUtilities/MethodSwizzler (6.4.0):
    - GoogleUtilities/Logger
  - GoogleUtilities/Network (6.4.0):
    - GoogleUtilities/Logger
    - "GoogleUtilities/NSData+zlib"
    - GoogleUtilities/Reachability
  - "GoogleUtilities/NSData+zlib (6.4.0)"
  - GoogleUtilities/Reachability (6.4.0):
    - GoogleUtilities/Logger
  - GoogleUtilities/UserDefaults (6.4.0):
    - GoogleUtilities/Logger
  - JWT (3.0.0-beta.12):
    - Base64 (~> 1.1.2)
  - nanopb (0.3.9011):
    - nanopb/decode (= 0.3.9011)
    - nanopb/encode (= 0.3.9011)
  - nanopb/decode (0.3.9011)
  - nanopb/encode (0.3.9011)
  - Permission-Contacts (2.0.3):
    - RNPermissions
  - Permission-Microphone (2.0.3):
    - RNPermissions
  - Permission-Notifications (2.0.3):
    - RNPermissions
  - Protobuf (3.11.2)
  - RCTRequired (0.61.5)
  - RCTTypeSafety (0.61.5):
    - FBLazyVector (= 0.61.5)
    - Folly (= 2018.10.22.00)
    - RCTRequired (= 0.61.5)
    - React-Core (= 0.61.5)
  - React (0.61.5):
    - React-Core (= 0.61.5)
    - React-Core/DevSupport (= 0.61.5)
    - React-Core/RCTWebSocket (= 0.61.5)
    - React-RCTActionSheet (= 0.61.5)
    - React-RCTAnimation (= 0.61.5)
    - React-RCTBlob (= 0.61.5)
    - React-RCTImage (= 0.61.5)
    - React-RCTLinking (= 0.61.5)
    - React-RCTNetwork (= 0.61.5)
    - React-RCTSettings (= 0.61.5)
    - React-RCTText (= 0.61.5)
    - React-RCTVibration (= 0.61.5)
  - React-Core (0.61.5):
    - Folly (= 2018.10.22.00)
    - glog
    - React-Core/Default (= 0.61.5)
    - React-cxxreact (= 0.61.5)
    - React-jsi (= 0.61.5)
    - React-jsiexecutor (= 0.61.5)
    - Yoga
  - React-Core/CoreModulesHeaders (0.61.5):
    - Folly (= 2018.10.22.00)
    - glog
    - React-Core/Default
    - React-cxxreact (= 0.61.5)
    - React-jsi (= 0.61.5)
    - React-jsiexecutor (= 0.61.5)
    - Yoga
  - React-Core/Default (0.61.5):
    - Folly (= 2018.10.22.00)
    - glog
    - React-cxxreact (= 0.61.5)
    - React-jsi (= 0.61.5)
    - React-jsiexecutor (= 0.61.5)
    - Yoga
  - React-Core/DevSupport (0.61.5):
    - Folly (= 2018.10.22.00)
    - glog
    - React-Core/Default (= 0.61.5)
    - React-Core/RCTWebSocket (= 0.61.5)
    - React-cxxreact (= 0.61.5)
    - React-jsi (= 0.61.5)
    - React-jsiexecutor (= 0.61.5)
    - React-jsinspector (= 0.61.5)
    - Yoga
  - React-Core/RCTActionSheetHeaders (0.61.5):
    - Folly (= 2018.10.22.00)
    - glog
    - React-Core/Default
    - React-cxxreact (= 0.61.5)
    - React-jsi (= 0.61.5)
    - React-jsiexecutor (= 0.61.5)
    - Yoga
  - React-Core/RCTAnimationHeaders (0.61.5):
    - Folly (= 2018.10.22.00)
    - glog
    - React-Core/Default
    - React-cxxreact (= 0.61.5)
    - React-jsi (= 0.61.5)
    - React-jsiexecutor (= 0.61.5)
    - Yoga
  - React-Core/RCTBlobHeaders (0.61.5):
    - Folly (= 2018.10.22.00)
    - glog
    - React-Core/Default
    - React-cxxreact (= 0.61.5)
    - React-jsi (= 0.61.5)
    - React-jsiexecutor (= 0.61.5)
    - Yoga
  - React-Core/RCTImageHeaders (0.61.5):
    - Folly (= 2018.10.22.00)
    - glog
    - React-Core/Default
    - React-cxxreact (= 0.61.5)
    - React-jsi (= 0.61.5)
    - React-jsiexecutor (= 0.61.5)
    - Yoga
  - React-Core/RCTLinkingHeaders (0.61.5):
    - Folly (= 2018.10.22.00)
    - glog
    - React-Core/Default
    - React-cxxreact (= 0.61.5)
    - React-jsi (= 0.61.5)
    - React-jsiexecutor (= 0.61.5)
    - Yoga
  - React-Core/RCTNetworkHeaders (0.61.5):
    - Folly (= 2018.10.22.00)
    - glog
    - React-Core/Default
    - React-cxxreact (= 0.61.5)
    - React-jsi (= 0.61.5)
    - React-jsiexecutor (= 0.61.5)
    - Yoga
  - React-Core/RCTSettingsHeaders (0.61.5):
    - Folly (= 2018.10.22.00)
    - glog
    - React-Core/Default
    - React-cxxreact (= 0.61.5)
    - React-jsi (= 0.61.5)
    - React-jsiexecutor (= 0.61.5)
    - Yoga
  - React-Core/RCTTextHeaders (0.61.5):
    - Folly (= 2018.10.22.00)
    - glog
    - React-Core/Default
    - React-cxxreact (= 0.61.5)
    - React-jsi (= 0.61.5)
    - React-jsiexecutor (= 0.61.5)
    - Yoga
  - React-Core/RCTVibrationHeaders (0.61.5):
    - Folly (= 2018.10.22.00)
    - glog
    - React-Core/Default
    - React-cxxreact (= 0.61.5)
    - React-jsi (= 0.61.5)
    - React-jsiexecutor (= 0.61.5)
    - Yoga
  - React-Core/RCTWebSocket (0.61.5):
    - Folly (= 2018.10.22.00)
    - glog
    - React-Core/Default (= 0.61.5)
    - React-cxxreact (= 0.61.5)
    - React-jsi (= 0.61.5)
    - React-jsiexecutor (= 0.61.5)
    - Yoga
  - React-CoreModules (0.61.5):
    - FBReactNativeSpec (= 0.61.5)
    - Folly (= 2018.10.22.00)
    - RCTTypeSafety (= 0.61.5)
    - React-Core/CoreModulesHeaders (= 0.61.5)
    - React-RCTImage (= 0.61.5)
    - ReactCommon/turbomodule/core (= 0.61.5)
  - React-cxxreact (0.61.5):
    - boost-for-react-native (= 1.63.0)
    - DoubleConversion
    - Folly (= 2018.10.22.00)
    - glog
    - React-jsinspector (= 0.61.5)
  - React-jsi (0.61.5):
    - boost-for-react-native (= 1.63.0)
    - DoubleConversion
    - Folly (= 2018.10.22.00)
    - glog
    - React-jsi/Default (= 0.61.5)
  - React-jsi/Default (0.61.5):
    - boost-for-react-native (= 1.63.0)
    - DoubleConversion
    - Folly (= 2018.10.22.00)
    - glog
  - React-jsiexecutor (0.61.5):
    - DoubleConversion
    - Folly (= 2018.10.22.00)
    - glog
    - React-cxxreact (= 0.61.5)
    - React-jsi (= 0.61.5)
  - React-jsinspector (0.61.5)
  - react-native-contacts (5.0.4):
    - React
  - react-native-splash-screen (3.2.0):
    - React
  - react-native-track-player (1.1.8):
    - React
  - react-native-video (5.0.2):
    - React
    - react-native-video/Video (= 5.0.2)
  - react-native-video/Video (5.0.2):
    - React
  - React-RCTActionSheet (0.61.5):
    - React-Core/RCTActionSheetHeaders (= 0.61.5)
  - React-RCTAnimation (0.61.5):
    - React-Core/RCTAnimationHeaders (= 0.61.5)
  - React-RCTBlob (0.61.5):
    - React-Core/RCTBlobHeaders (= 0.61.5)
    - React-Core/RCTWebSocket (= 0.61.5)
    - React-jsi (= 0.61.5)
    - React-RCTNetwork (= 0.61.5)
  - React-RCTImage (0.61.5):
    - React-Core/RCTImageHeaders (= 0.61.5)
    - React-RCTNetwork (= 0.61.5)
  - React-RCTLinking (0.61.5):
    - React-Core/RCTLinkingHeaders (= 0.61.5)
  - React-RCTNetwork (0.61.5):
    - React-Core/RCTNetworkHeaders (= 0.61.5)
  - React-RCTSettings (0.61.5):
    - React-Core/RCTSettingsHeaders (= 0.61.5)
  - React-RCTText (0.61.5):
    - React-Core/RCTTextHeaders (= 0.61.5)
  - React-RCTVibration (0.61.5):
    - React-Core/RCTVibrationHeaders (= 0.61.5)
  - ReactCommon/jscallinvoker (0.61.5):
    - DoubleConversion
    - Folly (= 2018.10.22.00)
    - glog
    - React-cxxreact (= 0.61.5)
  - ReactCommon/turbomodule/core (0.61.5):
    - DoubleConversion
    - Folly (= 2018.10.22.00)
    - glog
    - React-Core (= 0.61.5)
    - React-cxxreact (= 0.61.5)
    - React-jsi (= 0.61.5)
    - ReactCommon/jscallinvoker (= 0.61.5)
  - RNAudioRecord (0.2.2):
    - React
  - RNAudioRecorderPlayer (2.4.3):
    - React
  - RNCallKeep (3.0.8):
    - React
  - RNCAsyncStorage (1.6.2):
    - React
  - RNCPushNotificationIOS (1.0.2):
    - React
  - RNDeviceInfo (5.3.1):
    - React
  - RNFBApp (6.0.4):
    - Firebase/Core (~> 6.8.1)
    - React
  - RNFBMessaging (6.0.4):
    - Firebase/Messaging (~> 6.8.1)
    - React
    - RNFBApp
  - RNGestureHandler (1.4.1):
    - React
  - RNIap (4.2.2):
    - React
  - RNPermissions (2.0.3):
    - React
  - RNReanimated (1.4.0):
    - React
  - RNScreens (1.0.0-alpha.23):
    - React
  - RNTwilioVoice (3.21.1):
    - React
  - RNVectorIcons (6.6.0):
    - React
  - SSZipArchive (2.2.2)
  - TwilioVoice (5.1.1)
  - Yoga (1.14.0)

DEPENDENCIES:
  - appcenter (from `../node_modules/appcenter/ios`)
  - appcenter-analytics (from `../node_modules/appcenter-analytics/ios`)
  - appcenter-crashes (from `../node_modules/appcenter-crashes/ios`)
  - BugsnagReactNative (from `../node_modules/bugsnag-react-native`)
  - BVLinearGradient (from `../node_modules/react-native-linear-gradient`)
  - CodePush (from `../node_modules/react-native-code-push`)
  - DoubleConversion (from `../node_modules/react-native/third-party-podspecs/DoubleConversion.podspec`)
  - FBLazyVector (from `../node_modules/react-native/Libraries/FBLazyVector`)
  - FBReactNativeSpec (from `../node_modules/react-native/Libraries/FBReactNativeSpec`)
  - Folly (from `../node_modules/react-native/third-party-podspecs/Folly.podspec`)
  - glog (from `../node_modules/react-native/third-party-podspecs/glog.podspec`)
  - Permission-Contacts (from `../node_modules/react-native-permissions/ios/Contacts.podspec`)
  - Permission-Microphone (from `../node_modules/react-native-permissions/ios/Microphone.podspec`)
  - Permission-Notifications (from `../node_modules/react-native-permissions/ios/Notifications.podspec`)
  - RCTRequired (from `../node_modules/react-native/Libraries/RCTRequired`)
  - RCTTypeSafety (from `../node_modules/react-native/Libraries/TypeSafety`)
  - React (from `../node_modules/react-native/`)
  - React-Core (from `../node_modules/react-native/`)
  - React-Core/DevSupport (from `../node_modules/react-native/`)
  - React-Core/RCTWebSocket (from `../node_modules/react-native/`)
  - React-CoreModules (from `../node_modules/react-native/React/CoreModules`)
  - React-cxxreact (from `../node_modules/react-native/ReactCommon/cxxreact`)
  - React-jsi (from `../node_modules/react-native/ReactCommon/jsi`)
  - React-jsiexecutor (from `../node_modules/react-native/ReactCommon/jsiexecutor`)
  - React-jsinspector (from `../node_modules/react-native/ReactCommon/jsinspector`)
  - react-native-contacts (from `../node_modules/react-native-contacts`)
  - react-native-splash-screen (from `../node_modules/react-native-splash-screen`)
  - react-native-track-player (from `../node_modules/react-native-track-player`)
  - react-native-video (from `../node_modules/react-native-video`)
  - React-RCTActionSheet (from `../node_modules/react-native/Libraries/ActionSheetIOS`)
  - React-RCTAnimation (from `../node_modules/react-native/Libraries/NativeAnimation`)
  - React-RCTBlob (from `../node_modules/react-native/Libraries/Blob`)
  - React-RCTImage (from `../node_modules/react-native/Libraries/Image`)
  - React-RCTLinking (from `../node_modules/react-native/Libraries/LinkingIOS`)
  - React-RCTNetwork (from `../node_modules/react-native/Libraries/Network`)
  - React-RCTSettings (from `../node_modules/react-native/Libraries/Settings`)
  - React-RCTText (from `../node_modules/react-native/Libraries/Text`)
  - React-RCTVibration (from `../node_modules/react-native/Libraries/Vibration`)
  - ReactCommon/jscallinvoker (from `../node_modules/react-native/ReactCommon`)
  - ReactCommon/turbomodule/core (from `../node_modules/react-native/ReactCommon`)
  - RNAudioRecord (from `../node_modules/react-native-audio-record`)
  - RNAudioRecorderPlayer (from `../node_modules/react-native-audio-recorder-player`)
  - RNCallKeep (from `../node_modules/react-native-callkeep`)
  - "RNCAsyncStorage (from `../node_modules/@react-native-community/async-storage`)"
  - "RNCPushNotificationIOS (from `../node_modules/@react-native-community/push-notification-ios`)"
  - RNDeviceInfo (from `../node_modules/react-native-device-info`)
  - "RNFBApp (from `../node_modules/@react-native-firebase/app`)"
  - "RNFBMessaging (from `../node_modules/@react-native-firebase/messaging`)"
  - RNGestureHandler (from `../node_modules/react-native-gesture-handler`)
  - RNIap (from `../node_modules/react-native-iap`)
  - RNPermissions (from `../node_modules/react-native-permissions`)
  - RNReanimated (from `../node_modules/react-native-reanimated`)
  - RNScreens (from `../node_modules/react-native-screens`)
  - RNTwilioVoice (from `../node_modules/react-native-twilio-programmable-voice`)
  - RNVectorIcons (from `../node_modules/react-native-vector-icons`)
  - TwilioVoice (~> 5.1.1)
  - Yoga (from `../node_modules/react-native/ReactCommon/yoga`)

SPEC REPOS:
  https://github.com/cocoapods/specs.git:
    - AppCenter
    - AppCenterReactNativeShared
    - Base64
    - boost-for-react-native
    - Firebase
    - FirebaseAnalytics
    - FirebaseAnalyticsInterop
    - FirebaseCore
    - FirebaseCoreDiagnostics
    - FirebaseCoreDiagnosticsInterop
    - FirebaseInstanceID
    - FirebaseMessaging
    - GoogleAppMeasurement
    - GoogleDataTransport
    - GoogleDataTransportCCTSupport
    - GoogleUtilities
    - JWT
    - nanopb
    - Protobuf
    - SSZipArchive
    - TwilioVoice

EXTERNAL SOURCES:
  appcenter:
    :path: "../node_modules/appcenter/ios"
  appcenter-analytics:
    :path: "../node_modules/appcenter-analytics/ios"
  appcenter-crashes:
    :path: "../node_modules/appcenter-crashes/ios"
  BugsnagReactNative:
    :path: "../node_modules/bugsnag-react-native"
  BVLinearGradient:
    :path: "../node_modules/react-native-linear-gradient"
  CodePush:
    :path: "../node_modules/react-native-code-push"
  DoubleConversion:
    :podspec: "../node_modules/react-native/third-party-podspecs/DoubleConversion.podspec"
  FBLazyVector:
    :path: "../node_modules/react-native/Libraries/FBLazyVector"
  FBReactNativeSpec:
    :path: "../node_modules/react-native/Libraries/FBReactNativeSpec"
  Folly:
    :podspec: "../node_modules/react-native/third-party-podspecs/Folly.podspec"
  glog:
    :podspec: "../node_modules/react-native/third-party-podspecs/glog.podspec"
  Permission-Contacts:
    :path: "../node_modules/react-native-permissions/ios/Contacts.podspec"
  Permission-Microphone:
    :path: "../node_modules/react-native-permissions/ios/Microphone.podspec"
  Permission-Notifications:
    :path: "../node_modules/react-native-permissions/ios/Notifications.podspec"
  RCTRequired:
    :path: "../node_modules/react-native/Libraries/RCTRequired"
  RCTTypeSafety:
    :path: "../node_modules/react-native/Libraries/TypeSafety"
  React:
    :path: "../node_modules/react-native/"
  React-Core:
    :path: "../node_modules/react-native/"
  React-CoreModules:
    :path: "../node_modules/react-native/React/CoreModules"
  React-cxxreact:
    :path: "../node_modules/react-native/ReactCommon/cxxreact"
  React-jsi:
    :path: "../node_modules/react-native/ReactCommon/jsi"
  React-jsiexecutor:
    :path: "../node_modules/react-native/ReactCommon/jsiexecutor"
  React-jsinspector:
    :path: "../node_modules/react-native/ReactCommon/jsinspector"
  react-native-contacts:
    :path: "../node_modules/react-native-contacts"
  react-native-splash-screen:
    :path: "../node_modules/react-native-splash-screen"
  react-native-track-player:
    :path: "../node_modules/react-native-track-player"
  react-native-video:
    :path: "../node_modules/react-native-video"
  React-RCTActionSheet:
    :path: "../node_modules/react-native/Libraries/ActionSheetIOS"
  React-RCTAnimation:
    :path: "../node_modules/react-native/Libraries/NativeAnimation"
  React-RCTBlob:
    :path: "../node_modules/react-native/Libraries/Blob"
  React-RCTImage:
    :path: "../node_modules/react-native/Libraries/Image"
  React-RCTLinking:
    :path: "../node_modules/react-native/Libraries/LinkingIOS"
  React-RCTNetwork:
    :path: "../node_modules/react-native/Libraries/Network"
  React-RCTSettings:
    :path: "../node_modules/react-native/Libraries/Settings"
  React-RCTText:
    :path: "../node_modules/react-native/Libraries/Text"
  React-RCTVibration:
    :path: "../node_modules/react-native/Libraries/Vibration"
  ReactCommon:
    :path: "../node_modules/react-native/ReactCommon"
  RNAudioRecord:
    :path: "../node_modules/react-native-audio-record"
  RNAudioRecorderPlayer:
    :path: "../node_modules/react-native-audio-recorder-player"
  RNCallKeep:
    :path: "../node_modules/react-native-callkeep"
  RNCAsyncStorage:
    :path: "../node_modules/@react-native-community/async-storage"
  RNCPushNotificationIOS:
    :path: "../node_modules/@react-native-community/push-notification-ios"
  RNDeviceInfo:
    :path: "../node_modules/react-native-device-info"
  RNFBApp:
    :path: "../node_modules/@react-native-firebase/app"
  RNFBMessaging:
    :path: "../node_modules/@react-native-firebase/messaging"
  RNGestureHandler:
    :path: "../node_modules/react-native-gesture-handler"
  RNIap:
    :path: "../node_modules/react-native-iap"
  RNPermissions:
    :path: "../node_modules/react-native-permissions"
  RNReanimated:
    :path: "../node_modules/react-native-reanimated"
  RNScreens:
    :path: "../node_modules/react-native-screens"
  RNTwilioVoice:
    :path: "../node_modules/react-native-twilio-programmable-voice"
  RNVectorIcons:
    :path: "../node_modules/react-native-vector-icons"
  Yoga:
    :path: "../node_modules/react-native/ReactCommon/yoga"

SPEC CHECKSUMS:
  AppCenter: 765ff38c4d360fc5ec61b61a8be24d74cd6d4d83
  appcenter: f2e241f931e0865a74b3af3928066a1190814be0
  appcenter-analytics: 42e368870a904af67fd93f043f3efa75ffa772a2
  appcenter-crashes: bfc5c03a6ddcfa158fcf4217d1724fd52f45d12c
  AppCenterReactNativeShared: d90c7165b03171aff31ecbe1424a04b34f64d609
  Base64: cecfb41a004124895a7bcee567a89bae5a89d49b
  boost-for-react-native: 39c7adb57c4e60d6c5479dd8623128eb5b3f0f2c
  BugsnagReactNative: 5088e510fbda3790123ae2ad3496a5bbab52a413
  BVLinearGradient: e3aad03778a456d77928f594a649e96995f1c872
  CodePush: 58d8b6595f46057ca1f49c55fb6860ad7fd38ce3
  DoubleConversion: 5805e889d232975c086db112ece9ed034df7a0b2
  FBLazyVector: aaeaf388755e4f29cd74acbc9e3b8da6d807c37f
  FBReactNativeSpec: 118d0d177724c2d67f08a59136eb29ef5943ec75
  Firebase: 9cbe4e5b5eaafa05dc932be58b7c8c3820d71e88
  FirebaseAnalytics: 843c7f64a8f9c79f0d03281197ebe7bb1d58d477
  FirebaseAnalyticsInterop: d48b6ab67bcf016a05e55b71fc39c61c0cb6b7f3
  FirebaseCore: e9d9bd1dae61c1e82bc1e0e617a9d832392086a0
  FirebaseCoreDiagnostics: 511f4f3ed7d440bb69127e8b97c2bc8befae639e
  FirebaseCoreDiagnosticsInterop: e9b1b023157e3a2fc6418b5cb601e79b9af7b3a0
  FirebaseInstanceID: ebd2ea79ee38db0cb5f5167b17a0d387e1cc7b6e
  FirebaseMessaging: 089b7a4991425783384acc8bcefcd78c0af913bd
  Folly: 30e7936e1c45c08d884aa59369ed951a8e68cf51
  glog: 1f3da668190260b06b429bb211bfbee5cd790c28
  GoogleAppMeasurement: 86a82f0e1f20b8eedf8e20326530138fd71409de
  GoogleDataTransport: 8e9b210c97d55fbff306cc5468ff91b9cb32dcf5
  GoogleDataTransportCCTSupport: 202d7cdf9c4a7d81a2bb7f7e7e1ba6faa421b1f2
  GoogleUtilities: 29bd0d8f850efbd28cff6d99e8b7da1f8d236bcf
  JWT: 9b5c05abbcc1a0e69c3c91e1655b3387fc7e581d
  nanopb: 18003b5e52dab79db540fe93fe9579f399bd1ccd
  Permission-Contacts: e5a4e0fed2dfecd10376fdeb15417dc7746cd9b2
  Permission-Microphone: aa3ee97912920c0faeaf8d6dd8ef91de1449386c
  Permission-Notifications: c11ff327feb378a2e18ccffcb0af482973ed7482
  Protobuf: dd1aaea7140debfe4dd0683fb8ef208e527ae153
  RCTRequired: b153add4da6e7dbc44aebf93f3cf4fcae392ddf1
  RCTTypeSafety: 9aa1b91d7f9310fc6eadc3cf95126ffe818af320
  React: b6a59ef847b2b40bb6e0180a97d0ca716969ac78
  React-Core: 688b451f7d616cc1134ac95295b593d1b5158a04
  React-CoreModules: d04f8494c1a328b69ec11db9d1137d667f916dcb
  React-cxxreact: d0f7bcafa196ae410e5300736b424455e7fb7ba7
  React-jsi: cb2cd74d7ccf4cffb071a46833613edc79cdf8f7
  React-jsiexecutor: d5525f9ed5f782fdbacb64b9b01a43a9323d2386
  React-jsinspector: fa0ecc501688c3c4c34f28834a76302233e29dc0
  react-native-contacts: 7d0b7ccd5f00df82ceca035935fc9d6e63af5aec
  react-native-splash-screen: 200d11d188e2e78cea3ad319964f6142b6384865
  react-native-track-player: 6e4e91a246efe7121cdef5a43258659a062499db
  react-native-video: d01ed7ff1e38fa7dcc6c15c94cf505e661b7bfd0
  React-RCTActionSheet: 600b4d10e3aea0913b5a92256d2719c0cdd26d76
  React-RCTAnimation: 791a87558389c80908ed06cc5dfc5e7920dfa360
  React-RCTBlob: d89293cc0236d9cb0933d85e430b0bbe81ad1d72
  React-RCTImage: 6b8e8df449eb7c814c99a92d6b52de6fe39dea4e
  React-RCTLinking: 121bb231c7503cf9094f4d8461b96a130fabf4a5
  React-RCTNetwork: fb353640aafcee84ca8b78957297bd395f065c9a
  React-RCTSettings: 8db258ea2a5efee381fcf7a6d5044e2f8b68b640
  React-RCTText: 9ccc88273e9a3aacff5094d2175a605efa854dbe
  React-RCTVibration: a49a1f42bf8f5acf1c3e297097517c6b3af377ad
  ReactCommon: 198c7c8d3591f975e5431bec1b0b3b581aa1c5dd
  RNAudioRecord: 162fee3b8fb628773ec704bf0333823125be2ed7
  RNAudioRecorderPlayer: b25470e95141f11f1439604b56847f4d8ce7968d
  RNCallKeep: cfc1353c4806f4b88bf33e3479cf0d68da18e3cb
  RNCAsyncStorage: 60a80e72d95bf02a01cace55d3697d9724f0d77f
  RNCPushNotificationIOS: 0b8d06ff190d84627dd17501bfb96652375970e4
  RNDeviceInfo: 6f20764111df002b4484f90cbe0a861be29bcc6c
  RNFBApp: cce40af7fd9a8bc12858ce5ec21e20ac7987e0ca
  RNFBMessaging: 26f689e1b3e531c2cb5ae94469e77ec736fe0f05
  RNGestureHandler: 4cb47a93019c1a201df2644413a0a1569a51c8aa
  RNIap: 9fd0dd03e7e646b1ea2493369373677fbfc5334c
  RNPermissions: 9e437a90de84a5402ff689d4da233730b81556c2
  RNReanimated: b2ab0b693dddd2339bd2f300e770f6302d2e960c
  RNScreens: f28b48b8345f2f5f39ed6195518291515032a788
  RNTwilioVoice: 681a808991f74faa6e33f9b134d6afd8cac9c274
  RNVectorIcons: 0bb4def82230be1333ddaeee9fcba45f0b288ed4
  SSZipArchive: fa16b8cc4cdeceb698e5e5d9f67e9558532fbf23
  TwilioVoice: 36bccc002e84b84a464efae705609e9913bd10a9
  Yoga: f2a7cd4280bfe2cca5a7aed98ba0eb3d1310f18b

PODFILE CHECKSUM: 1fd7d9700798dc98a3cd8ad396cdf59847f1950c

COCOAPODS: 1.7.5
